
Microsoft Visual Studio Solution File, Format Version 12.00
# Visual Studio 15
VisualStudioVersion = 15.0.27130.2010
MinimumVisualStudioVersion = 10.0.40219.1
Project("{FAE04EC0-301F-11D3-BF4B-00C04F79EFBC}") = "Losowanie6z49", "iterations\Losowanie6z49.csproj", "{9E921FF7-0039-498F-866D-D3D8FA4EBA47}"
EndProject
Project("{FAE04EC0-301F-11D3-BF4B-00C04F79EFBC}") = "RandomNumberGen", "..\RandomNumberGen\RandomNumberGen\RandomNumberGen.csproj", "{04972A08-BF90-4E22-940B-E19DAA01B142}"
EndProject
Global
	GlobalSection(SolutionConfigurationPlatforms) = preSolution
		Debug|Any CPU = Debug|Any CPU
		Release|Any CPU = Release|Any CPU
	EndGlobalSection
	GlobalSection(ProjectConfigurationPlatforms) = postSolution
		{9E921FF7-0039-498F-866D-D3D8FA4EBA47}.Debug|Any CPU.ActiveCfg = Debug|Any CPU
		{9E921FF7-0039-498F-866D-D3D8FA4EBA47}.Debug|Any CPU.Build.0 = Debug|Any CPU
		{9E921FF7-0039-498F-866D-D3D8FA4EBA47}.Release|Any CPU.ActiveCfg = Release|Any CPU
		{9E921FF7-0039-498F-866D-D3D8FA4EBA47}.Release|Any CPU.Build.0 = Release|Any CPU
		{04972A08-BF90-4E22-940B-E19DAA01B142}.Debug|Any CPU.ActiveCfg = Debug|Any CPU
		{04972A08-BF90-4E22-940B-E19DAA01B142}.Debug|Any CPU.Build.0 = Debug|Any CPU
		{04972A08-BF90-4E22-940B-E19DAA01B142}.Release|Any CPU.ActiveCfg = Release|Any CPU
		{04972A08-BF90-4E22-940B-E19DAA01B142}.Release|Any CPU.Build.0 = Release|Any CPU
	EndGlobalSection
	GlobalSection(SolutionProperties) = preSolution
		HideSolutionNode = FALSE
	EndGlobalSection
	GlobalSection(ExtensibilityGlobals) = postSolution
		SolutionGuid = {3F567212-3445-495C-B168-F6BCFB69A437}
	EndGlobalSection
EndGlobal
